PODS:
  - Alamofire (3.4.0)
  - Fabric (1.6.7)
  - LazyObject (0.2.2)
  - SDWebImage (3.7.6):
    - SDWebImage/Core (= 3.7.6)
  - SDWebImage/Core (3.7.6)
  - SnapKit (0.20.0)
  - SwiftyGif (1.2.1)
  - TwitterCore (2.0.2):
    - Fabric
  - TwitterKit (2.0.2):
    - TwitterCore (= 2.0.2)

DEPENDENCIES:
  - Alamofire
  - LazyObject
  - SDWebImage
  - SnapKit
  - SwiftyGif
  - TwitterKit

SPEC CHECKSUMS:
  Alamofire: c19a627cefd6a95f840401c49ab1f124e07f54ee
  Fabric: caf7580c725e64db144f610ac65cd60956911dc7
  LazyObject: 9cd047da18d5c6991a940a684c7e983c5296612a
  SDWebImage: c325cf02c30337336b95beff20a13df489ec0ec9
  SnapKit: 5fce3c1bbbf1fbd31de9aa92f33eb9fa03f15650
  SwiftyGif: ede36725afc8fe16273ffc3418818d51af681a95
  TwitterCore: 0f44d8980a6879d5205dcb4e010d15e643e56fa0
  TwitterKit: c4e40f289a3d7cc9fab9f241edd7502385468b65

COCOAPODS: 0.39.0
