PODS:
  - Alamofire (4.2.0)
  - Fabric (1.6.11)
  - LazyObject (0.3)
  - SDWebImage (3.8.2):
    - SDWebImage/Core (= 3.8.2)
  - SDWebImage/Core (3.8.2)
  - SnapKit (3.0.2)
  - SwiftyGif (3.0.0)
  - TwitterCore (2.7.0):
    - Fabric
  - TwitterKit (2.7.0):
    - TwitterCore (= 2.7.0)

DEPENDENCIES:
  - Alamofire
  - LazyObject
  - SDWebImage
  - SnapKit
  - SwiftyGif
  - TwitterKit

SPEC CHECKSUMS:
  Alamofire: aa2e09d871c9160ac53c90e83c68064a94e3dfbe
  Fabric: 5911403591946b8228ab1c51d98f1d7137e863c6
  LazyObject: d549154de50df47120ac1065a89b19a0bcee4690
  SDWebImage: 098e97e6176540799c27e804c96653ee0833d13c
  SnapKit: 2e456761aa92d4d4067a7a5594c18769d451a8ad
  SwiftyGif: d6b4d63de2a2a5134d8b54ba5719837319d77ef0
  TwitterCore: fbdbeaf6d2d20cf7c7aa4136fe5173c1c85df2e2
  TwitterKit: 97e729ceea041d174126235bf6ff67dcf37772d4

PODFILE CHECKSUM: 6baaafd0072cd541c59ae74c29056d861f5a4ea0

COCOAPODS: 1.1.0.rc.2
